
Microsoft Visual Studio Solution File, Format Version 12.00
# Visual Studio Version 16
VisualStudioVersion = 16.0.30114.105
MinimumVisualStudioVersion = 10.0.40219.1
Project("{FAE04EC0-301F-11D3-BF4B-00C04F79EFBC}") = "NTP.Vize.Kitaplik.Ugulamasi", "NTP.Vize.Kitaplik.Ugulamasi\NTP.Vize.Kitaplik.Ugulamasi.csproj", "{3B15F887-D4E5-4001-B2B3-565682977688}"
EndProject
Global
	GlobalSection(SolutionConfigurationPlatforms) = preSolution
		Debug|Any CPU = Debug|Any CPU
		Release|Any CPU = Release|Any CPU
	EndGlobalSection
	GlobalSection(ProjectConfigurationPlatforms) = postSolution
		{3B15F887-D4E5-4001-B2B3-565682977688}.Debug|Any CPU.ActiveCfg = Debug|Any CPU
		{3B15F887-D4E5-4001-B2B3-565682977688}.Debug|Any CPU.Build.0 = Debug|Any CPU
		{3B15F887-D4E5-4001-B2B3-565682977688}.Release|Any CPU.ActiveCfg = Release|Any CPU
		{3B15F887-D4E5-4001-B2B3-565682977688}.Release|Any CPU.Build.0 = Release|Any CPU
	EndGlobalSection
	GlobalSection(SolutionProperties) = preSolution
		HideSolutionNode = FALSE
	EndGlobalSection
	GlobalSection(ExtensibilityGlobals) = postSolution
		SolutionGuid = {57C554B7-24A0-4ACC-84C4-89D15BF9EE93}
	EndGlobalSection
EndGlobal
